
Microsoft Visual Studio Solution File, Format Version 12.00
# Visual Studio 15
VisualStudioVersion = 15.0.26403.0
MinimumVisualStudioVersion = 10.0.40219.1
Project("{FAE04EC0-301F-11D3-BF4B-00C04F79EFBC}") = "Outsurance.Assessment", "Outsurance.Assessment\Outsurance.Assessment.csproj", "{BE74555F-8BC8-43DC-953F-A93E1B844320}"
EndProject
Project("{FAE04EC0-301F-11D3-BF4B-00C04F79EFBC}") = "Outsurance.Assessment.Tests", "Outsurance.Assessment.Tests\Outsurance.Assessment.Tests.csproj", "{885758D1-43EB-456B-A733-4B2A9A15F6B2}"
EndProject
Global
	GlobalSection(SolutionConfigurationPlatforms) = preSolution
		Debug|Any CPU = Debug|Any CPU
		Release|Any CPU = Release|Any CPU
	EndGlobalSection
	GlobalSection(ProjectConfigurationPlatforms) = postSolution
		{BE74555F-8BC8-43DC-953F-A93E1B844320}.Debug|Any CPU.ActiveCfg = Debug|Any CPU
		{BE74555F-8BC8-43DC-953F-A93E1B844320}.Debug|Any CPU.Build.0 = Debug|Any CPU
		{BE74555F-8BC8-43DC-953F-A93E1B844320}.Release|Any CPU.ActiveCfg = Release|Any CPU
		{BE74555F-8BC8-43DC-953F-A93E1B844320}.Release|Any CPU.Build.0 = Release|Any CPU
		{885758D1-43EB-456B-A733-4B2A9A15F6B2}.Debug|Any CPU.ActiveCfg = Debug|Any CPU
		{885758D1-43EB-456B-A733-4B2A9A15F6B2}.Debug|Any CPU.Build.0 = Debug|Any CPU
		{885758D1-43EB-456B-A733-4B2A9A15F6B2}.Release|Any CPU.ActiveCfg = Release|Any CPU
		{885758D1-43EB-456B-A733-4B2A9A15F6B2}.Release|Any CPU.Build.0 = Release|Any CPU
	EndGlobalSection
	GlobalSection(SolutionProperties) = preSolution
		HideSolutionNode = FALSE
	EndGlobalSection
EndGlobal
